{"is_source_file": false, "format": "", "description": "", "external_files": [], "external_methods": [], "published": [], "classes": [], "methods": [], "calls": [], "search-terms": [], "state": 2, "file_id": 3, "knowledge_revision": 22, "git_revision": "4ce57219aa9c0ecc834851badc73dc5a781ab9da", "hash": "9c4ed7ef73e22b872b8055bec08b8979", "format-version": 4, "code-base-name": "default", "filename": "kanbanflow/post_process_status.lock", "revision_history": [{"22": "4ce57219aa9c0ecc834851badc73dc5a781ab9da"}]}